{
  "nodes": {
    "devenv": {
      "locked": {
        "dir": "src/modules",
        "lastModified": 1777636153,
        "narHash": "sha256-jSEnJ+0ABEg0uqjZS1i1zHODi8NCyMCJTJffhdnfSLg=",
        "owner": "cachix",
        "repo": "devenv",
        "rev": "c324bc2e2a4558fd8b5922d38f840bfc63aa8e28",
        "type": "github"
      },
      "original": {
        "dir": "src/modules",
        "owner": "cachix",
        "repo": "devenv",
        "type": "github"
      }
    },
    "nixpkgs": {
      "locked": {
        "lastModified": 1777425547,
        "narHash": "sha256-d57AbflkNfZNoFaZDzssEq1RfPoM9dLtOGI2O+N/68Q=",
        "owner": "NixOS",
        "repo": "nixpkgs",
        "rev": "ebc08544afa77957cc348ba72dc490ec73b87f68",
        "type": "github"
      },
      "original": {
        "owner": "NixOS",
        "ref": "nixpkgs-unstable",
        "repo": "nixpkgs",
        "type": "github"
      }
    },
    "root": {
      "inputs": {
        "devenv": "devenv",
        "nixpkgs": "nixpkgs",
        "rust-overlay": "rust-overlay"
      }
    },
    "rust-overlay": {
      "inputs": {
        "nixpkgs": [
          "nixpkgs"
        ]
      },
      "locked": {
        "lastModified": 1777605393,
        "narHash": "sha256-Hjp0VOOHgHcTrX23iVvnfAudPcuCmfkfpQNFwv2v/ks=",
        "owner": "oxalica",
        "repo": "rust-overlay",
        "rev": "ff88db34cfa486fc4964a6991cab1678d82eee8c",
        "type": "github"
      },
      "original": {
        "owner": "oxalica",
        "repo": "rust-overlay",
        "type": "github"
      }
    }
  },
  "root": "root",
  "version": 7
}